
Microsoft Visual Studio Solution File, Format Version 12.00
# Visual Studio Version 16
VisualStudioVersion = 16.0.29709.97
MinimumVisualStudioVersion = 10.0.40219.1
Project("{9A19103F-16F7-4668-BE54-9A1E7A4F7556}") = "MyPonto.Client", "MyPonto.Client\MyPonto.Client.csproj", "{73F7423C-B5F2-4869-A179-D4799755B1C8}"
EndProject
Project("{9A19103F-16F7-4668-BE54-9A1E7A4F7556}") = "_build", "build\_build.csproj", "{4C7628E8-5C29-4D2E-9ED7-5EB4DCDC2255}"
EndProject
Project("{2150E333-8FDC-42A3-9474-1A3956D46DE8}") = "build", "build", "{F223CC33-7A2B-4A19-BE78-AE07372FE0BB}"
	ProjectSection(SolutionItems) = preProject
		.github\workflows\dotnetcore.yml = .github\workflows\dotnetcore.yml
	EndProjectSection
EndProject
Project("{9A19103F-16F7-4668-BE54-9A1E7A4F7556}") = "MyPonto.Tests", "tests\MyPonto.Tests\MyPonto.Tests.csproj", "{C363139F-5425-4E8D-B69A-3F1F162B9293}"
EndProject
Global
	GlobalSection(SolutionConfigurationPlatforms) = preSolution
		Debug|Any CPU = Debug|Any CPU
		Release|Any CPU = Release|Any CPU
	EndGlobalSection
	GlobalSection(ProjectConfigurationPlatforms) = postSolution
		{73F7423C-B5F2-4869-A179-D4799755B1C8}.Debug|Any CPU.ActiveCfg = Debug|Any CPU
		{73F7423C-B5F2-4869-A179-D4799755B1C8}.Debug|Any CPU.Build.0 = Debug|Any CPU
		{73F7423C-B5F2-4869-A179-D4799755B1C8}.Release|Any CPU.ActiveCfg = Release|Any CPU
		{73F7423C-B5F2-4869-A179-D4799755B1C8}.Release|Any CPU.Build.0 = Release|Any CPU
		{4C7628E8-5C29-4D2E-9ED7-5EB4DCDC2255}.Debug|Any CPU.ActiveCfg = Debug|Any CPU
		{4C7628E8-5C29-4D2E-9ED7-5EB4DCDC2255}.Release|Any CPU.ActiveCfg = Release|Any CPU
		{C363139F-5425-4E8D-B69A-3F1F162B9293}.Debug|Any CPU.ActiveCfg = Debug|Any CPU
		{C363139F-5425-4E8D-B69A-3F1F162B9293}.Debug|Any CPU.Build.0 = Debug|Any CPU
		{C363139F-5425-4E8D-B69A-3F1F162B9293}.Release|Any CPU.ActiveCfg = Release|Any CPU
		{C363139F-5425-4E8D-B69A-3F1F162B9293}.Release|Any CPU.Build.0 = Release|Any CPU
	EndGlobalSection
	GlobalSection(SolutionProperties) = preSolution
		HideSolutionNode = FALSE
	EndGlobalSection
	GlobalSection(NestedProjects) = preSolution
		{4C7628E8-5C29-4D2E-9ED7-5EB4DCDC2255} = {F223CC33-7A2B-4A19-BE78-AE07372FE0BB}
	EndGlobalSection
	GlobalSection(ExtensibilityGlobals) = postSolution
		SolutionGuid = {8009E555-CB89-478F-83A8-02F502F7E8AA}
	EndGlobalSection
EndGlobal
